
Microsoft Visual Studio Solution File, Format Version 12.00
# Visual Studio Version 17
VisualStudioVersion = 17.14.36203.30
MinimumVisualStudioVersion = 10.0.40219.1
Project("{FAE04EC0-301F-11D3-BF4B-00C04F79EFBC}") = "AppWeb.Client", "AppWeb.Client\AppWeb.Client.csproj", "{63116F1E-8E2C-4D5B-8311-D130C5BEF6D7}"
EndProject
Project("{FAE04EC0-301F-11D3-BF4B-00C04F79EFBC}") = "AppWeb.Shared", "AppWeb.Shared\AppWeb.Shared.csproj", "{020E1532-7BF1-407F-AEEF-A3162E02C892}"
EndProject
Project("{FAE04EC0-301F-11D3-BF4B-00C04F79EFBC}") = "AppWeb.Application", "AppWeb.Application\AppWeb.Application.csproj", "{385E352C-EA73-4B48-984F-F034504BB942}"
EndProject
Project("{FAE04EC0-301F-11D3-BF4B-00C04F79EFBC}") = "AppWeb.Infrastructure", "AppWeb.Infrastructure\AppWeb.Infrastructure.csproj", "{24F55094-36EA-46C8-80E3-B532408389FE}"
EndProject
Project("{FAE04EC0-301F-11D3-BF4B-00C04F79EFBC}") = "AppWeb.Domain", "AppWeb.Domain\AppWeb.Domain.csproj", "{908CABAC-FB12-74BB-5FF3-9C8562EED3E9}"
EndProject
Project("{FAE04EC0-301F-11D3-BF4B-00C04F79EFBC}") = "AppWeb.Server", "AppWeb.Server\AppWeb.Server.csproj", "{E3027414-61F9-3C87-F6BB-D61EEBE07434}"
EndProject
Project("{FAE04EC0-301F-11D3-BF4B-00C04F79EFBC}") = "AppWeb.ViewModels", "AppWeb.ViewModels\AppWeb.ViewModels.csproj", "{01555833-8013-479E-B8B3-1B798FBE188C}"
EndProject
Project("{2150E333-8FDC-42A3-9474-1A3956D46DE8}") = "Core", "Core", "{02EA681E-C7D8-13C7-8484-4AC65E1B71E8}"
EndProject
Project("{2150E333-8FDC-42A3-9474-1A3956D46DE8}") = "Client", "Client", "{794C562B-A875-40B6-BD96-B99B83B8EA01}"
EndProject
Project("{2150E333-8FDC-42A3-9474-1A3956D46DE8}") = "Shared", "Shared", "{13BB511A-E814-48E7-820A-0AF96046FA3C}"
EndProject
Project("{FAE04EC0-301F-11D3-BF4B-00C04F79EFBC}") = "AppWeb.SharedClient", "AppWeb.SharedClient\AppWeb.SharedClient.csproj", "{72DCEFAE-847C-448D-A7CC-37F9CBFED186}"
EndProject
Project("{FAE04EC0-301F-11D3-BF4B-00C04F79EFBC}") = "AppWeb.Maui", "AppWeb.Maui\AppWeb.Maui.csproj", "{06B8F266-4DB6-42FB-A946-9A686AAA4673}"
EndProject
Global
	GlobalSection(SolutionConfigurationPlatforms) = preSolution
		Debug|Any CPU = Debug|Any CPU
		Debug|x64 = Debug|x64
		Debug|x86 = Debug|x86
		Release|Any CPU = Release|Any CPU
		Release|x64 = Release|x64
		Release|x86 = Release|x86
	EndGlobalSection
	GlobalSection(ProjectConfigurationPlatforms) = postSolution
		{63116F1E-8E2C-4D5B-8311-D130C5BEF6D7}.Debug|Any CPU.ActiveCfg = Debug|Any CPU
		{63116F1E-8E2C-4D5B-8311-D130C5BEF6D7}.Debug|Any CPU.Build.0 = Debug|Any CPU
		{63116F1E-8E2C-4D5B-8311-D130C5BEF6D7}.Debug|x64.ActiveCfg = Debug|Any CPU
		{63116F1E-8E2C-4D5B-8311-D130C5BEF6D7}.Debug|x64.Build.0 = Debug|Any CPU
		{63116F1E-8E2C-4D5B-8311-D130C5BEF6D7}.Debug|x86.ActiveCfg = Debug|Any CPU
		{63116F1E-8E2C-4D5B-8311-D130C5BEF6D7}.Debug|x86.Build.0 = Debug|Any CPU
		{63116F1E-8E2C-4D5B-8311-D130C5BEF6D7}.Release|Any CPU.ActiveCfg = Release|Any CPU
		{63116F1E-8E2C-4D5B-8311-D130C5BEF6D7}.Release|Any CPU.Build.0 = Release|Any CPU
		{63116F1E-8E2C-4D5B-8311-D130C5BEF6D7}.Release|x64.ActiveCfg = Release|Any CPU
		{63116F1E-8E2C-4D5B-8311-D130C5BEF6D7}.Release|x64.Build.0 = Release|Any CPU
		{63116F1E-8E2C-4D5B-8311-D130C5BEF6D7}.Release|x86.ActiveCfg = Release|Any CPU
		{63116F1E-8E2C-4D5B-8311-D130C5BEF6D7}.Release|x86.Build.0 = Release|Any CPU
		{020E1532-7BF1-407F-AEEF-A3162E02C892}.Debug|Any CPU.ActiveCfg = Debug|Any CPU
		{020E1532-7BF1-407F-AEEF-A3162E02C892}.Debug|Any CPU.Build.0 = Debug|Any CPU
		{020E1532-7BF1-407F-AEEF-A3162E02C892}.Debug|x64.ActiveCfg = Debug|Any CPU
		{020E1532-7BF1-407F-AEEF-A3162E02C892}.Debug|x64.Build.0 = Debug|Any CPU
		{020E1532-7BF1-407F-AEEF-A3162E02C892}.Debug|x86.ActiveCfg = Debug|Any CPU
		{020E1532-7BF1-407F-AEEF-A3162E02C892}.Debug|x86.Build.0 = Debug|Any CPU
		{020E1532-7BF1-407F-AEEF-A3162E02C892}.Release|Any CPU.ActiveCfg = Release|Any CPU
		{020E1532-7BF1-407F-AEEF-A3162E02C892}.Release|Any CPU.Build.0 = Release|Any CPU
		{020E1532-7BF1-407F-AEEF-A3162E02C892}.Release|x64.ActiveCfg = Release|Any CPU
		{020E1532-7BF1-407F-AEEF-A3162E02C892}.Release|x64.Build.0 = Release|Any CPU
		{020E1532-7BF1-407F-AEEF-A3162E02C892}.Release|x86.ActiveCfg = Release|Any CPU
		{020E1532-7BF1-407F-AEEF-A3162E02C892}.Release|x86.Build.0 = Release|Any CPU
		{385E352C-EA73-4B48-984F-F034504BB942}.Debug|Any CPU.ActiveCfg = Debug|Any CPU
		{385E352C-EA73-4B48-984F-F034504BB942}.Debug|Any CPU.Build.0 = Debug|Any CPU
		{385E352C-EA73-4B48-984F-F034504BB942}.Debug|x64.ActiveCfg = Debug|Any CPU
		{385E352C-EA73-4B48-984F-F034504BB942}.Debug|x64.Build.0 = Debug|Any CPU
		{385E352C-EA73-4B48-984F-F034504BB942}.Debug|x86.ActiveCfg = Debug|Any CPU
		{385E352C-EA73-4B48-984F-F034504BB942}.Debug|x86.Build.0 = Debug|Any CPU
		{385E352C-EA73-4B48-984F-F034504BB942}.Release|Any CPU.ActiveCfg = Release|Any CPU
		{385E352C-EA73-4B48-984F-F034504BB942}.Release|Any CPU.Build.0 = Release|Any CPU
		{385E352C-EA73-4B48-984F-F034504BB942}.Release|x64.ActiveCfg = Release|Any CPU
		{385E352C-EA73-4B48-984F-F034504BB942}.Release|x64.Build.0 = Release|Any CPU
		{385E352C-EA73-4B48-984F-F034504BB942}.Release|x86.ActiveCfg = Release|Any CPU
		{385E352C-EA73-4B48-984F-F034504BB942}.Release|x86.Build.0 = Release|Any CPU
		{24F55094-36EA-46C8-80E3-B532408389FE}.Debug|Any CPU.ActiveCfg = Debug|Any CPU
		{24F55094-36EA-46C8-80E3-B532408389FE}.Debug|Any CPU.Build.0 = Debug|Any CPU
		{24F55094-36EA-46C8-80E3-B532408389FE}.Debug|x64.ActiveCfg = Debug|Any CPU
		{24F55094-36EA-46C8-80E3-B532408389FE}.Debug|x64.Build.0 = Debug|Any CPU
		{24F55094-36EA-46C8-80E3-B532408389FE}.Debug|x86.ActiveCfg = Debug|Any CPU
		{24F55094-36EA-46C8-80E3-B532408389FE}.Debug|x86.Build.0 = Debug|Any CPU
		{24F55094-36EA-46C8-80E3-B532408389FE}.Release|Any CPU.ActiveCfg = Release|Any CPU
		{24F55094-36EA-46C8-80E3-B532408389FE}.Release|Any CPU.Build.0 = Release|Any CPU
		{24F55094-36EA-46C8-80E3-B532408389FE}.Release|x64.ActiveCfg = Release|Any CPU
		{24F55094-36EA-46C8-80E3-B532408389FE}.Release|x64.Build.0 = Release|Any CPU
		{24F55094-36EA-46C8-80E3-B532408389FE}.Release|x86.ActiveCfg = Release|Any CPU
		{24F55094-36EA-46C8-80E3-B532408389FE}.Release|x86.Build.0 = Release|Any CPU
		{908CABAC-FB12-74BB-5FF3-9C8562EED3E9}.Debug|Any CPU.ActiveCfg = Debug|Any CPU
		{908CABAC-FB12-74BB-5FF3-9C8562EED3E9}.Debug|Any CPU.Build.0 = Debug|Any CPU
		{908CABAC-FB12-74BB-5FF3-9C8562EED3E9}.Debug|x64.ActiveCfg = Debug|Any CPU
		{908CABAC-FB12-74BB-5FF3-9C8562EED3E9}.Debug|x64.Build.0 = Debug|Any CPU
		{908CABAC-FB12-74BB-5FF3-9C8562EED3E9}.Debug|x86.ActiveCfg = Debug|Any CPU
		{908CABAC-FB12-74BB-5FF3-9C8562EED3E9}.Debug|x86.Build.0 = Debug|Any CPU
		{908CABAC-FB12-74BB-5FF3-9C8562EED3E9}.Release|Any CPU.ActiveCfg = Release|Any CPU
		{908CABAC-FB12-74BB-5FF3-9C8562EED3E9}.Release|Any CPU.Build.0 = Release|Any CPU
		{908CABAC-FB12-74BB-5FF3-9C8562EED3E9}.Release|x64.ActiveCfg = Release|Any CPU
		{908CABAC-FB12-74BB-5FF3-9C8562EED3E9}.Release|x64.Build.0 = Release|Any CPU
		{908CABAC-FB12-74BB-5FF3-9C8562EED3E9}.Release|x86.ActiveCfg = Release|Any CPU
		{908CABAC-FB12-74BB-5FF3-9C8562EED3E9}.Release|x86.Build.0 = Release|Any CPU
		{E3027414-61F9-3C87-F6BB-D61EEBE07434}.Debug|Any CPU.ActiveCfg = Debug|Any CPU
		{E3027414-61F9-3C87-F6BB-D61EEBE07434}.Debug|Any CPU.Build.0 = Debug|Any CPU
		{E3027414-61F9-3C87-F6BB-D61EEBE07434}.Debug|x64.ActiveCfg = Debug|Any CPU
		{E3027414-61F9-3C87-F6BB-D61EEBE07434}.Debug|x64.Build.0 = Debug|Any CPU
		{E3027414-61F9-3C87-F6BB-D61EEBE07434}.Debug|x86.ActiveCfg = Debug|Any CPU
		{E3027414-61F9-3C87-F6BB-D61EEBE07434}.Debug|x86.Build.0 = Debug|Any CPU
		{E3027414-61F9-3C87-F6BB-D61EEBE07434}.Release|Any CPU.ActiveCfg = Release|Any CPU
		{E3027414-61F9-3C87-F6BB-D61EEBE07434}.Release|Any CPU.Build.0 = Release|Any CPU
		{E3027414-61F9-3C87-F6BB-D61EEBE07434}.Release|x64.ActiveCfg = Release|Any CPU
		{E3027414-61F9-3C87-F6BB-D61EEBE07434}.Release|x64.Build.0 = Release|Any CPU
		{E3027414-61F9-3C87-F6BB-D61EEBE07434}.Release|x86.ActiveCfg = Release|Any CPU
		{E3027414-61F9-3C87-F6BB-D61EEBE07434}.Release|x86.Build.0 = Release|Any CPU
		{01555833-8013-479E-B8B3-1B798FBE188C}.Debug|Any CPU.ActiveCfg = Debug|Any CPU
		{01555833-8013-479E-B8B3-1B798FBE188C}.Debug|Any CPU.Build.0 = Debug|Any CPU
		{01555833-8013-479E-B8B3-1B798FBE188C}.Debug|x64.ActiveCfg = Debug|Any CPU
		{01555833-8013-479E-B8B3-1B798FBE188C}.Debug|x64.Build.0 = Debug|Any CPU
		{01555833-8013-479E-B8B3-1B798FBE188C}.Debug|x86.ActiveCfg = Debug|Any CPU
		{01555833-8013-479E-B8B3-1B798FBE188C}.Debug|x86.Build.0 = Debug|Any CPU
		{01555833-8013-479E-B8B3-1B798FBE188C}.Release|Any CPU.ActiveCfg = Release|Any CPU
		{01555833-8013-479E-B8B3-1B798FBE188C}.Release|Any CPU.Build.0 = Release|Any CPU
		{01555833-8013-479E-B8B3-1B798FBE188C}.Release|x64.ActiveCfg = Release|Any CPU
		{01555833-8013-479E-B8B3-1B798FBE188C}.Release|x64.Build.0 = Release|Any CPU
		{01555833-8013-479E-B8B3-1B798FBE188C}.Release|x86.ActiveCfg = Release|Any CPU
		{01555833-8013-479E-B8B3-1B798FBE188C}.Release|x86.Build.0 = Release|Any CPU
		{72DCEFAE-847C-448D-A7CC-37F9CBFED186}.Debug|Any CPU.ActiveCfg = Debug|Any CPU
		{72DCEFAE-847C-448D-A7CC-37F9CBFED186}.Debug|Any CPU.Build.0 = Debug|Any CPU
		{72DCEFAE-847C-448D-A7CC-37F9CBFED186}.Debug|x64.ActiveCfg = Debug|Any CPU
		{72DCEFAE-847C-448D-A7CC-37F9CBFED186}.Debug|x64.Build.0 = Debug|Any CPU
		{72DCEFAE-847C-448D-A7CC-37F9CBFED186}.Debug|x86.ActiveCfg = Debug|Any CPU
		{72DCEFAE-847C-448D-A7CC-37F9CBFED186}.Debug|x86.Build.0 = Debug|Any CPU
		{72DCEFAE-847C-448D-A7CC-37F9CBFED186}.Release|Any CPU.ActiveCfg = Release|Any CPU
		{72DCEFAE-847C-448D-A7CC-37F9CBFED186}.Release|Any CPU.Build.0 = Release|Any CPU
		{72DCEFAE-847C-448D-A7CC-37F9CBFED186}.Release|x64.ActiveCfg = Release|Any CPU
		{72DCEFAE-847C-448D-A7CC-37F9CBFED186}.Release|x64.Build.0 = Release|Any CPU
		{72DCEFAE-847C-448D-A7CC-37F9CBFED186}.Release|x86.ActiveCfg = Release|Any CPU
		{72DCEFAE-847C-448D-A7CC-37F9CBFED186}.Release|x86.Build.0 = Release|Any CPU
		{06B8F266-4DB6-42FB-A946-9A686AAA4673}.Debug|Any CPU.ActiveCfg = Debug|Any CPU
		{06B8F266-4DB6-42FB-A946-9A686AAA4673}.Debug|Any CPU.Build.0 = Debug|Any CPU
		{06B8F266-4DB6-42FB-A946-9A686AAA4673}.Debug|Any CPU.Deploy.0 = Debug|Any CPU
		{06B8F266-4DB6-42FB-A946-9A686AAA4673}.Debug|x64.ActiveCfg = Debug|Any CPU
		{06B8F266-4DB6-42FB-A946-9A686AAA4673}.Debug|x64.Build.0 = Debug|Any CPU
		{06B8F266-4DB6-42FB-A946-9A686AAA4673}.Debug|x86.ActiveCfg = Debug|Any CPU
		{06B8F266-4DB6-42FB-A946-9A686AAA4673}.Debug|x86.Build.0 = Debug|Any CPU
		{06B8F266-4DB6-42FB-A946-9A686AAA4673}.Release|Any CPU.ActiveCfg = Release|Any CPU
		{06B8F266-4DB6-42FB-A946-9A686AAA4673}.Release|Any CPU.Build.0 = Release|Any CPU
		{06B8F266-4DB6-42FB-A946-9A686AAA4673}.Release|x64.ActiveCfg = Release|Any CPU
		{06B8F266-4DB6-42FB-A946-9A686AAA4673}.Release|x64.Build.0 = Release|Any CPU
		{06B8F266-4DB6-42FB-A946-9A686AAA4673}.Release|x86.ActiveCfg = Release|Any CPU
		{06B8F266-4DB6-42FB-A946-9A686AAA4673}.Release|x86.Build.0 = Release|Any CPU
	EndGlobalSection
	GlobalSection(SolutionProperties) = preSolution
		HideSolutionNode = FALSE
	EndGlobalSection
	GlobalSection(NestedProjects) = preSolution
		{63116F1E-8E2C-4D5B-8311-D130C5BEF6D7} = {794C562B-A875-40B6-BD96-B99B83B8EA01}
		{020E1532-7BF1-407F-AEEF-A3162E02C892} = {13BB511A-E814-48E7-820A-0AF96046FA3C}
		{385E352C-EA73-4B48-984F-F034504BB942} = {02EA681E-C7D8-13C7-8484-4AC65E1B71E8}
		{24F55094-36EA-46C8-80E3-B532408389FE} = {02EA681E-C7D8-13C7-8484-4AC65E1B71E8}
		{908CABAC-FB12-74BB-5FF3-9C8562EED3E9} = {02EA681E-C7D8-13C7-8484-4AC65E1B71E8}
		{E3027414-61F9-3C87-F6BB-D61EEBE07434} = {02EA681E-C7D8-13C7-8484-4AC65E1B71E8}
		{01555833-8013-479E-B8B3-1B798FBE188C} = {794C562B-A875-40B6-BD96-B99B83B8EA01}
		{72DCEFAE-847C-448D-A7CC-37F9CBFED186} = {794C562B-A875-40B6-BD96-B99B83B8EA01}
		{06B8F266-4DB6-42FB-A946-9A686AAA4673} = {794C562B-A875-40B6-BD96-B99B83B8EA01}
	EndGlobalSection
	GlobalSection(ExtensibilityGlobals) = postSolution
		SolutionGuid = {AC8EC3F3-3C96-4B14-8773-8D228F995429}
	EndGlobalSection
EndGlobal
